
Microsoft Visual Studio Solution File, Format Version 12.00
# Visual Studio Version 17
VisualStudioVersion = 17.13.35825.156 d17.13
MinimumVisualStudioVersion = 10.0.40219.1
Project("{FAE04EC0-301F-11D3-BF4B-00C04F79EFBC}") = "Bot", "Bot\Bot.csproj", "{C482527A-5259-4448-AFD9-CED62720B82D}"
EndProject
Global
	GlobalSection(SolutionConfigurationPlatforms) = preSolution
		Debug|Any CPU = Debug|Any CPU
		Release|Any CPU = Release|Any CPU
	EndGlobalSection
	GlobalSection(ProjectConfigurationPlatforms) = postSolution
		{C482527A-5259-4448-AFD9-CED62720B82D}.Debug|Any CPU.ActiveCfg = Debug|Any CPU
		{C482527A-5259-4448-AFD9-CED62720B82D}.Debug|Any CPU.Build.0 = Debug|Any CPU
		{C482527A-5259-4448-AFD9-CED62720B82D}.Release|Any CPU.ActiveCfg = Release|Any CPU
		{C482527A-5259-4448-AFD9-CED62720B82D}.Release|Any CPU.Build.0 = Release|Any CPU
	EndGlobalSection
	GlobalSection(SolutionProperties) = preSolution
		HideSolutionNode = FALSE
	EndGlobalSection
	GlobalSection(ExtensibilityGlobals) = postSolution
		SolutionGuid = {A33C4191-0550-4C27-9C22-119301F95C52}
	EndGlobalSection
EndGlobal
